
Microsoft Visual Studio Solution File, Format Version 12.00
# Visual Studio Version 17
VisualStudioVersion = 17.10.35201.131
MinimumVisualStudioVersion = 10.0.40219.1
Project("{FAE04EC0-301F-11D3-BF4B-00C04F79EFBC}") = "RevueCraftersSeleniumTests_II", "RevueCraftersSeleniumTests_II.csproj", "{C18FFA17-A9ED-4D6E-968A-0512F9F09BEC}"
EndProject
Global
	GlobalSection(SolutionConfigurationPlatforms) = preSolution
		Debug|Any CPU = Debug|Any CPU
		Release|Any CPU = Release|Any CPU
	EndGlobalSection
	GlobalSection(ProjectConfigurationPlatforms) = postSolution
		{C18FFA17-A9ED-4D6E-968A-0512F9F09BEC}.Debug|Any CPU.ActiveCfg = Debug|Any CPU
		{C18FFA17-A9ED-4D6E-968A-0512F9F09BEC}.Debug|Any CPU.Build.0 = Debug|Any CPU
		{C18FFA17-A9ED-4D6E-968A-0512F9F09BEC}.Release|Any CPU.ActiveCfg = Release|Any CPU
		{C18FFA17-A9ED-4D6E-968A-0512F9F09BEC}.Release|Any CPU.Build.0 = Release|Any CPU
	EndGlobalSection
	GlobalSection(SolutionProperties) = preSolution
		HideSolutionNode = FALSE
	EndGlobalSection
	GlobalSection(ExtensibilityGlobals) = postSolution
		SolutionGuid = {365FEF4F-DF70-4F66-81E8-ADC40A95D573}
	EndGlobalSection
EndGlobal
