
Microsoft Visual Studio Solution File, Format Version 12.00
# Visual Studio Version 17
VisualStudioVersion = 17.10.35201.131
MinimumVisualStudioVersion = 10.0.40219.1
Project("{FAE04EC0-301F-11D3-BF4B-00C04F79EFBC}") = "IdeaCenterAppSeleniumWebTests_II", "IdeaCenterAppSeleniumWebTests_II.csproj", "{09D7D69D-6187-4A4D-90D2-E09BFBBDEC81}"
EndProject
Global
	GlobalSection(SolutionConfigurationPlatforms) = preSolution
		Debug|Any CPU = Debug|Any CPU
		Release|Any CPU = Release|Any CPU
	EndGlobalSection
	GlobalSection(ProjectConfigurationPlatforms) = postSolution
		{09D7D69D-6187-4A4D-90D2-E09BFBBDEC81}.Debug|Any CPU.ActiveCfg = Debug|Any CPU
		{09D7D69D-6187-4A4D-90D2-E09BFBBDEC81}.Debug|Any CPU.Build.0 = Debug|Any CPU
		{09D7D69D-6187-4A4D-90D2-E09BFBBDEC81}.Release|Any CPU.ActiveCfg = Release|Any CPU
		{09D7D69D-6187-4A4D-90D2-E09BFBBDEC81}.Release|Any CPU.Build.0 = Release|Any CPU
	EndGlobalSection
	GlobalSection(SolutionProperties) = preSolution
		HideSolutionNode = FALSE
	EndGlobalSection
	GlobalSection(ExtensibilityGlobals) = postSolution
		SolutionGuid = {67E90BE8-F840-45F8-804D-A14B0A7DA8E2}
	EndGlobalSection
EndGlobal
